
Microsoft Visual Studio Solution File, Format Version 12.00
# Visual Studio 14
VisualStudioVersion = 14.0.25420.1
MinimumVisualStudioVersion = 10.0.40219.1
Project("{8BC9CEB8-8B4A-11D0-8D11-00A0C91BC942}") = "CompositionSurfaceFactory", "CompositionSurfaceFactory\CompositionSurfaceFactory.vcxproj", "{456AF98D-0972-448F-995A-DB91908B7795}"
EndProject
Global
	GlobalSection(SolutionConfigurationPlatforms) = preSolution
		Debug|Any CPU = Debug|Any CPU
		Debug|ARM = Debug|ARM
		Debug|x64 = Debug|x64
		Debug|x86 = Debug|x86
		Release|Any CPU = Release|Any CPU
		Release|ARM = Release|ARM
		Release|x64 = Release|x64
		Release|x86 = Release|x86
	EndGlobalSection
	GlobalSection(ProjectConfigurationPlatforms) = postSolution
		{456AF98D-0972-448F-995A-DB91908B7795}.Debug|Any CPU.ActiveCfg = Debug|Win32
		{456AF98D-0972-448F-995A-DB91908B7795}.Debug|ARM.ActiveCfg = Debug|ARM
		{456AF98D-0972-448F-995A-DB91908B7795}.Debug|ARM.Build.0 = Debug|ARM
		{456AF98D-0972-448F-995A-DB91908B7795}.Debug|x64.ActiveCfg = Debug|x64
		{456AF98D-0972-448F-995A-DB91908B7795}.Debug|x64.Build.0 = Debug|x64
		{456AF98D-0972-448F-995A-DB91908B7795}.Debug|x86.ActiveCfg = Debug|Win32
		{456AF98D-0972-448F-995A-DB91908B7795}.Debug|x86.Build.0 = Debug|Win32
		{456AF98D-0972-448F-995A-DB91908B7795}.Release|Any CPU.ActiveCfg = Release|Win32
		{456AF98D-0972-448F-995A-DB91908B7795}.Release|ARM.ActiveCfg = Release|ARM
		{456AF98D-0972-448F-995A-DB91908B7795}.Release|ARM.Build.0 = Release|ARM
		{456AF98D-0972-448F-995A-DB91908B7795}.Release|x64.ActiveCfg = Release|x64
		{456AF98D-0972-448F-995A-DB91908B7795}.Release|x64.Build.0 = Release|x64
		{456AF98D-0972-448F-995A-DB91908B7795}.Release|x86.ActiveCfg = Release|Win32
		{456AF98D-0972-448F-995A-DB91908B7795}.Release|x86.Build.0 = Release|Win32
	EndGlobalSection
	GlobalSection(SolutionProperties) = preSolution
		HideSolutionNode = FALSE
	EndGlobalSection
EndGlobal
